<?xml version="1.0" encoding="utf-8"?>
<Project ToolsVersion="4.0" xmlns="http://schemas.microsoft.com/developer/msbuild/2003">
  <ItemGroup>
    <Filter Include="Source Files">
      <UniqueIdentifier>{4FC737F1-C7A5-4376-A066-2A32D752A2FF}</UniqueIdentifier>
      <Extensions>cpp;c;cc;cxx;c++;def;odl;idl;hpj;bat;asm;asmx</Extensions>
    </Filter>
    <Filter Include="Header Files">
      <UniqueIdentifier>{93995380-89BD-4b04-88EB-625FBE52EBFB}</UniqueIdentifier>
      <Extensions>h;hh;hpp;hxx;h++;hm;inl;inc;ipp;xsd</Extensions>
    </Filter>
    <Filter Include="Resource Files">
      <UniqueIdentifier>{67DA6AB6-F800-4c08-8B7A-83BB121AAD01}</UniqueIdentifier>
      <Extensions>rc;ico;cur;bmp;dlg;rc2;rct;bin;rgs;gif;jpg;jpeg;jpe;resx;tiff;tif;png;wav;mfcribbon-ms</Extensions>
    </Filter>
    <Filter Include="Diagram">
      <UniqueIdentifier>{13a54ef6-81f2-4bdb-a969-52de3d8ad87f}</UniqueIdentifier>
    </Filter>
  </ItemGroup>
  <ItemGroup>
    <None Include="Diagram\Diagram.mdj">
      <Filter>Diagram</Filter>
    </None>
  </ItemGroup>
  <ItemGroup>
    <Image Include="Diagram\Diagram.png">
      <Filter>Diagram</Filter>
    </Image>
  </ItemGroup>
  <ItemGroup>
    <ClInclude Include="Kod\IMediator.h">
      <Filter>Header Files</Filter>
    </ClInclude>
    <ClInclude Include="Kod\Komponent.h">
      <Filter>Header Files</Filter>
    </ClInclude>
    <ClInclude Include="Kod\Okno.h">
      <Filter>Header Files</Filter>
    </ClInclude>
    <ClInclude Include="Kod\Termostat.h">
      <Filter>Header Files</Filter>
    </ClInclude>
    <ClInclude Include="Kod\Klimatyzacja.h">
      <Filter>Header Files</Filter>
    </ClInclude>
    <ClInclude Include="Kod\Ogrzewanie.h">
      <Filter>Header Files</Filter>
    </ClInclude>
    <ClInclude Include="Kod\Termometr.h">
      <Filter>Header Files</Filter>
    </ClInclude>
  </ItemGroup>
  <ItemGroup>
    <ClCompile Include="Kod\main.cpp">
      <Filter>Source Files</Filter>
    </ClCompile>
    <ClCompile Include="Kod\Komponent.cpp">
      <Filter>Source Files</Filter>
    </ClCompile>
    <ClCompile Include="Kod\Okno.cpp">
      <Filter>Source Files</Filter>
    </ClCompile>
    <ClCompile Include="Kod\Termostat.cpp">
      <Filter>Source Files</Filter>
    </ClCompile>
    <ClCompile Include="Kod\Klimatyzacja.cpp">
      <Filter>Source Files</Filter>
    </ClCompile>
    <ClCompile Include="Kod\Ogrzewanie.cpp">
      <Filter>Source Files</Filter>
    </ClCompile>
    <ClCompile Include="Kod\Termometr.cpp">
      <Filter>Source Files</Filter>
    </ClCompile>
  </ItemGroup>
</Project>